
Microsoft Visual Studio Solution File, Format Version 12.00
# Visual Studio Version 17
VisualStudioVersion = 17.0.31903.59
MinimumVisualStudioVersion = 10.0.40219.1
Project("{9A19103F-16F7-4668-BE54-9A1E7A4F7556}") = "AdventOfCode.Y2020", "AdventOfCode.Y2020\AdventOfCode.Y2020.csproj", "{3FA7BA4C-9BC4-4529-8B24-983A602318D6}"
EndProject
Project("{9A19103F-16F7-4668-BE54-9A1E7A4F7556}") = "AdventOfCode.Tests", "AdventOfCode.Tests\AdventOfCode.Tests.csproj", "{A839AA83-2358-4E10-9C3F-F9DCDA1CFBCB}"
EndProject
Project("{9A19103F-16F7-4668-BE54-9A1E7A4F7556}") = "AdventOfCode", "AdventOfCode\AdventOfCode.csproj", "{C6E026ED-0A2A-44A9-B8AF-1F4D47FB35C9}"
EndProject
Project("{9A19103F-16F7-4668-BE54-9A1E7A4F7556}") = "AdventOfCode.Runner", "AdventOfCode.Runner\AdventOfCode.Runner.csproj", "{20EF6C62-FC2E-4048-9648-305FDB602AB7}"
EndProject
Project("{2150E333-8FDC-42A3-9474-1A3956D46DE8}") = "Solution Items", "Solution Items", "{59A7AC24-9711-4C6D-B4DC-F4BC78CA9DB0}"
	ProjectSection(SolutionItems) = preProject
		.editorconfig = .editorconfig
		.gitignore = .gitignore
		LICENSE = LICENSE
		README.md = README.md
	EndProjectSection
EndProject
Project("{9A19103F-16F7-4668-BE54-9A1E7A4F7556}") = "AdventOfCode.Y2015", "AdventOfCode.Y2015\AdventOfCode.Y2015.csproj", "{972D190C-DCFB-406E-92AF-FFC1D146145E}"
EndProject
Project("{9A19103F-16F7-4668-BE54-9A1E7A4F7556}") = "AdventOfCode.Y2016", "AdventOfCode.Y2016\AdventOfCode.Y2016.csproj", "{A5FBC083-CCA8-4392-B18F-64A03883D2B1}"
EndProject
Project("{FAE04EC0-301F-11D3-BF4B-00C04F79EFBC}") = "AdventOfCode.Y2017", "AdventOfCode.Y2017\AdventOfCode.Y2017.csproj", "{1E60BF12-6C40-49C8-B3AB-5899307A783B}"
EndProject
Global
	GlobalSection(SolutionConfigurationPlatforms) = preSolution
		Debug|Any CPU = Debug|Any CPU
		Release|Any CPU = Release|Any CPU
	EndGlobalSection
	GlobalSection(ProjectConfigurationPlatforms) = postSolution
		{3FA7BA4C-9BC4-4529-8B24-983A602318D6}.Debug|Any CPU.ActiveCfg = Debug|Any CPU
		{3FA7BA4C-9BC4-4529-8B24-983A602318D6}.Debug|Any CPU.Build.0 = Debug|Any CPU
		{3FA7BA4C-9BC4-4529-8B24-983A602318D6}.Release|Any CPU.ActiveCfg = Release|Any CPU
		{3FA7BA4C-9BC4-4529-8B24-983A602318D6}.Release|Any CPU.Build.0 = Release|Any CPU
		{A839AA83-2358-4E10-9C3F-F9DCDA1CFBCB}.Debug|Any CPU.ActiveCfg = Debug|Any CPU
		{A839AA83-2358-4E10-9C3F-F9DCDA1CFBCB}.Debug|Any CPU.Build.0 = Debug|Any CPU
		{A839AA83-2358-4E10-9C3F-F9DCDA1CFBCB}.Release|Any CPU.ActiveCfg = Release|Any CPU
		{A839AA83-2358-4E10-9C3F-F9DCDA1CFBCB}.Release|Any CPU.Build.0 = Release|Any CPU
		{C6E026ED-0A2A-44A9-B8AF-1F4D47FB35C9}.Debug|Any CPU.ActiveCfg = Debug|Any CPU
		{C6E026ED-0A2A-44A9-B8AF-1F4D47FB35C9}.Debug|Any CPU.Build.0 = Debug|Any CPU
		{C6E026ED-0A2A-44A9-B8AF-1F4D47FB35C9}.Release|Any CPU.ActiveCfg = Release|Any CPU
		{C6E026ED-0A2A-44A9-B8AF-1F4D47FB35C9}.Release|Any CPU.Build.0 = Release|Any CPU
		{20EF6C62-FC2E-4048-9648-305FDB602AB7}.Debug|Any CPU.ActiveCfg = Debug|Any CPU
		{20EF6C62-FC2E-4048-9648-305FDB602AB7}.Debug|Any CPU.Build.0 = Debug|Any CPU
		{20EF6C62-FC2E-4048-9648-305FDB602AB7}.Release|Any CPU.ActiveCfg = Release|Any CPU
		{20EF6C62-FC2E-4048-9648-305FDB602AB7}.Release|Any CPU.Build.0 = Release|Any CPU
		{972D190C-DCFB-406E-92AF-FFC1D146145E}.Debug|Any CPU.ActiveCfg = Debug|Any CPU
		{972D190C-DCFB-406E-92AF-FFC1D146145E}.Debug|Any CPU.Build.0 = Debug|Any CPU
		{972D190C-DCFB-406E-92AF-FFC1D146145E}.Release|Any CPU.ActiveCfg = Release|Any CPU
		{972D190C-DCFB-406E-92AF-FFC1D146145E}.Release|Any CPU.Build.0 = Release|Any CPU
		{A5FBC083-CCA8-4392-B18F-64A03883D2B1}.Debug|Any CPU.ActiveCfg = Debug|Any CPU
		{A5FBC083-CCA8-4392-B18F-64A03883D2B1}.Debug|Any CPU.Build.0 = Debug|Any CPU
		{A5FBC083-CCA8-4392-B18F-64A03883D2B1}.Release|Any CPU.ActiveCfg = Release|Any CPU
		{A5FBC083-CCA8-4392-B18F-64A03883D2B1}.Release|Any CPU.Build.0 = Release|Any CPU
		{1E60BF12-6C40-49C8-B3AB-5899307A783B}.Debug|Any CPU.ActiveCfg = Debug|Any CPU
		{1E60BF12-6C40-49C8-B3AB-5899307A783B}.Debug|Any CPU.Build.0 = Debug|Any CPU
		{1E60BF12-6C40-49C8-B3AB-5899307A783B}.Release|Any CPU.ActiveCfg = Release|Any CPU
		{1E60BF12-6C40-49C8-B3AB-5899307A783B}.Release|Any CPU.Build.0 = Release|Any CPU
	EndGlobalSection
	GlobalSection(SolutionProperties) = preSolution
		HideSolutionNode = FALSE
	EndGlobalSection
	GlobalSection(ExtensibilityGlobals) = postSolution
		SolutionGuid = {2ADEF513-2EA8-4693-8250-1301E1392FE2}
	EndGlobalSection
EndGlobal
